
Microsoft Visual Studio Solution File, Format Version 12.00
# Visual Studio Version 16
VisualStudioVersion = 16.0.34114.132
MinimumVisualStudioVersion = 10.0.40219.1
Project("{FAE04EC0-301F-11D3-BF4B-00C04F79EFBC}") = "AspNetCoreIdentity", "AspNetCoreIdentity\AspNetCoreIdentity.csproj", "{03C5AD28-5274-4C2B-9DBC-E5B866071E51}"
EndProject
Global
	GlobalSection(SolutionConfigurationPlatforms) = preSolution
		Debug|Any CPU = Debug|Any CPU
		Release|Any CPU = Release|Any CPU
	EndGlobalSection
	GlobalSection(ProjectConfigurationPlatforms) = postSolution
		{03C5AD28-5274-4C2B-9DBC-E5B866071E51}.Debug|Any CPU.ActiveCfg = Debug|Any CPU
		{03C5AD28-5274-4C2B-9DBC-E5B866071E51}.Debug|Any CPU.Build.0 = Debug|Any CPU
		{03C5AD28-5274-4C2B-9DBC-E5B866071E51}.Release|Any CPU.ActiveCfg = Release|Any CPU
		{03C5AD28-5274-4C2B-9DBC-E5B866071E51}.Release|Any CPU.Build.0 = Release|Any CPU
	EndGlobalSection
	GlobalSection(SolutionProperties) = preSolution
		HideSolutionNode = FALSE
	EndGlobalSection
	GlobalSection(ExtensibilityGlobals) = postSolution
		SolutionGuid = {2D80707E-4D07-4C49-8E3C-B182EF74A6BD}
	EndGlobalSection
EndGlobal
